
Microsoft Visual Studio Solution File, Format Version 12.00
# Visual Studio Version 17
VisualStudioVersion = 17.6.33717.318
MinimumVisualStudioVersion = 10.0.40219.1
Project("{2150E333-8FDC-42A3-9474-1A3956D46DE8}") = "src", "src", "{A9AC01D7-B129-40A0-87DC-A7FCB98931AA}"
EndProject
Project("{9A19103F-16F7-4668-BE54-9A1E7A4F7556}") = "Domain", "backend\src\Domain\Domain.csproj", "{7D1D4EE7-E9B9-4341-A364-33AEA620E73B}"
EndProject
Project("{9A19103F-16F7-4668-BE54-9A1E7A4F7556}") = "Infrastructure", "backend\src\Infrastructure\Infrastructure.csproj", "{199FA90E-28A9-4B34-83E9-171FB264122F}"
EndProject
Project("{9A19103F-16F7-4668-BE54-9A1E7A4F7556}") = "Application", "backend\src\Application\Application.csproj", "{DA1A7D3D-D88E-473C-9FC4-9D0ED4B04A59}"
EndProject
Project("{9A19103F-16F7-4668-BE54-9A1E7A4F7556}") = "WebAPI", "backend\src\WebAPI\WebAPI.csproj", "{9B91FC1D-E109-4475-BCAF-BFA66A782565}"
EndProject
Project("{2150E333-8FDC-42A3-9474-1A3956D46DE8}") = "backend", "backend", "{40FC97C0-0CBF-4C5D-9044-1D2C2DEC314F}"
EndProject
Project("{54A90642-561A-4BB1-A94E-469ADEE60C69}") = "frontend", "frontend\frontend.esproj", "{8E4EDEF2-96CD-4934-B63C-B0777141E39B}"
EndProject
Project("{FAE04EC0-301F-11D3-BF4B-00C04F79EFBC}") = "ElasticSearch", "backend\src\ElasticSearch\ElasticSearch.csproj", "{516A057A-26C9-4746-9127-343E79B56AF7}"
EndProject
Global
	GlobalSection(SolutionConfigurationPlatforms) = preSolution
		Debug|Any CPU = Debug|Any CPU
		Release|Any CPU = Release|Any CPU
	EndGlobalSection
	GlobalSection(ProjectConfigurationPlatforms) = postSolution
		{7D1D4EE7-E9B9-4341-A364-33AEA620E73B}.Debug|Any CPU.ActiveCfg = Debug|Any CPU
		{7D1D4EE7-E9B9-4341-A364-33AEA620E73B}.Debug|Any CPU.Build.0 = Debug|Any CPU
		{7D1D4EE7-E9B9-4341-A364-33AEA620E73B}.Release|Any CPU.ActiveCfg = Release|Any CPU
		{7D1D4EE7-E9B9-4341-A364-33AEA620E73B}.Release|Any CPU.Build.0 = Release|Any CPU
		{199FA90E-28A9-4B34-83E9-171FB264122F}.Debug|Any CPU.ActiveCfg = Debug|Any CPU
		{199FA90E-28A9-4B34-83E9-171FB264122F}.Debug|Any CPU.Build.0 = Debug|Any CPU
		{199FA90E-28A9-4B34-83E9-171FB264122F}.Release|Any CPU.ActiveCfg = Release|Any CPU
		{199FA90E-28A9-4B34-83E9-171FB264122F}.Release|Any CPU.Build.0 = Release|Any CPU
		{DA1A7D3D-D88E-473C-9FC4-9D0ED4B04A59}.Debug|Any CPU.ActiveCfg = Debug|Any CPU
		{DA1A7D3D-D88E-473C-9FC4-9D0ED4B04A59}.Debug|Any CPU.Build.0 = Debug|Any CPU
		{DA1A7D3D-D88E-473C-9FC4-9D0ED4B04A59}.Release|Any CPU.ActiveCfg = Release|Any CPU
		{DA1A7D3D-D88E-473C-9FC4-9D0ED4B04A59}.Release|Any CPU.Build.0 = Release|Any CPU
		{9B91FC1D-E109-4475-BCAF-BFA66A782565}.Debug|Any CPU.ActiveCfg = Debug|Any CPU
		{9B91FC1D-E109-4475-BCAF-BFA66A782565}.Debug|Any CPU.Build.0 = Debug|Any CPU
		{9B91FC1D-E109-4475-BCAF-BFA66A782565}.Release|Any CPU.ActiveCfg = Release|Any CPU
		{9B91FC1D-E109-4475-BCAF-BFA66A782565}.Release|Any CPU.Build.0 = Release|Any CPU
		{8E4EDEF2-96CD-4934-B63C-B0777141E39B}.Debug|Any CPU.ActiveCfg = Debug|Any CPU
		{8E4EDEF2-96CD-4934-B63C-B0777141E39B}.Debug|Any CPU.Build.0 = Debug|Any CPU
		{8E4EDEF2-96CD-4934-B63C-B0777141E39B}.Debug|Any CPU.Deploy.0 = Debug|Any CPU
		{8E4EDEF2-96CD-4934-B63C-B0777141E39B}.Release|Any CPU.ActiveCfg = Release|Any CPU
		{8E4EDEF2-96CD-4934-B63C-B0777141E39B}.Release|Any CPU.Build.0 = Release|Any CPU
		{8E4EDEF2-96CD-4934-B63C-B0777141E39B}.Release|Any CPU.Deploy.0 = Release|Any CPU
		{516A057A-26C9-4746-9127-343E79B56AF7}.Debug|Any CPU.ActiveCfg = Debug|Any CPU
		{516A057A-26C9-4746-9127-343E79B56AF7}.Debug|Any CPU.Build.0 = Debug|Any CPU
		{516A057A-26C9-4746-9127-343E79B56AF7}.Release|Any CPU.ActiveCfg = Release|Any CPU
		{516A057A-26C9-4746-9127-343E79B56AF7}.Release|Any CPU.Build.0 = Release|Any CPU
	EndGlobalSection
	GlobalSection(SolutionProperties) = preSolution
		HideSolutionNode = FALSE
	EndGlobalSection
	GlobalSection(NestedProjects) = preSolution
		{A9AC01D7-B129-40A0-87DC-A7FCB98931AA} = {40FC97C0-0CBF-4C5D-9044-1D2C2DEC314F}
		{7D1D4EE7-E9B9-4341-A364-33AEA620E73B} = {A9AC01D7-B129-40A0-87DC-A7FCB98931AA}
		{199FA90E-28A9-4B34-83E9-171FB264122F} = {A9AC01D7-B129-40A0-87DC-A7FCB98931AA}
		{DA1A7D3D-D88E-473C-9FC4-9D0ED4B04A59} = {A9AC01D7-B129-40A0-87DC-A7FCB98931AA}
		{9B91FC1D-E109-4475-BCAF-BFA66A782565} = {A9AC01D7-B129-40A0-87DC-A7FCB98931AA}
		{516A057A-26C9-4746-9127-343E79B56AF7} = {A9AC01D7-B129-40A0-87DC-A7FCB98931AA}
	EndGlobalSection
	GlobalSection(ExtensibilityGlobals) = postSolution
		SolutionGuid = {362161E0-4073-484E-8553-5AB4DED75AD6}
	EndGlobalSection
EndGlobal
